
Microsoft Visual Studio Solution File, Format Version 12.00
# Visual Studio Version 17
VisualStudioVersion = 17.9.34616.47
MinimumVisualStudioVersion = 10.0.40219.1
Project("{9A19103F-16F7-4668-BE54-9A1E7A4F7556}") = "tpmodul7_kelompok_05", "tpmodul7_kelompok_05\tpmodul7_kelompok_05.csproj", "{72ABE6FA-C2DC-484F-822B-8C3F85FE5DB2}"
EndProject

Project("{2150E333-8FDC-42A3-9474-1A3956D46DE8}") = "Solution Items", "Solution Items", "{E35D0ABB-6788-4C30-93EB-DD8D413AA460}"
	ProjectSection(SolutionItems) = preProject
		tp7_1_1302223039.json = tp7_1_1302223039.json
		..\..\tp7_2_1302223039.json = ..\..\tp7_2_1302223039.json

	EndProjectSection
EndProject
Global
	GlobalSection(SolutionConfigurationPlatforms) = preSolution
		Debug|Any CPU = Debug|Any CPU
		Release|Any CPU = Release|Any CPU
	EndGlobalSection
	GlobalSection(ProjectConfigurationPlatforms) = postSolution
		{72ABE6FA-C2DC-484F-822B-8C3F85FE5DB2}.Debug|Any CPU.ActiveCfg = Debug|Any CPU
		{72ABE6FA-C2DC-484F-822B-8C3F85FE5DB2}.Debug|Any CPU.Build.0 = Debug|Any CPU
		{72ABE6FA-C2DC-484F-822B-8C3F85FE5DB2}.Release|Any CPU.ActiveCfg = Release|Any CPU
		{72ABE6FA-C2DC-484F-822B-8C3F85FE5DB2}.Release|Any CPU.Build.0 = Release|Any CPU
	EndGlobalSection
	GlobalSection(SolutionProperties) = preSolution
		HideSolutionNode = FALSE
	EndGlobalSection
	GlobalSection(ExtensibilityGlobals) = postSolution
		SolutionGuid = {A9F678EE-FA5F-469F-8E7C-124487C75D3B}
	EndGlobalSection
EndGlobal
