
Microsoft Visual Studio Solution File, Format Version 12.00
# Visual Studio Version 17
VisualStudioVersion = 17.9.34728.123
MinimumVisualStudioVersion = 10.0.40219.1
Project("{FAE04EC0-301F-11D3-BF4B-00C04F79EFBC}") = "AljabarLibraries", "AljabarLibraries\AljabarLibraries.csproj", "{4A0C870F-F513-4E0E-98BA-9484558DA07A}"
EndProject
Global
	GlobalSection(SolutionConfigurationPlatforms) = preSolution
		Debug|Any CPU = Debug|Any CPU
		Release|Any CPU = Release|Any CPU
	EndGlobalSection
	GlobalSection(ProjectConfigurationPlatforms) = postSolution
		{4A0C870F-F513-4E0E-98BA-9484558DA07A}.Debug|Any CPU.ActiveCfg = Debug|Any CPU
		{4A0C870F-F513-4E0E-98BA-9484558DA07A}.Debug|Any CPU.Build.0 = Debug|Any CPU
		{4A0C870F-F513-4E0E-98BA-9484558DA07A}.Release|Any CPU.ActiveCfg = Release|Any CPU
		{4A0C870F-F513-4E0E-98BA-9484558DA07A}.Release|Any CPU.Build.0 = Release|Any CPU
	EndGlobalSection
	GlobalSection(SolutionProperties) = preSolution
		HideSolutionNode = FALSE
	EndGlobalSection
	GlobalSection(ExtensibilityGlobals) = postSolution
		SolutionGuid = {FB91FAF6-9E08-4665-96E4-2C9F411488BF}
	EndGlobalSection
EndGlobal
